github.com/dimonchik0036/vk-api v0.0.0-20181108155455-9295c719fadc h1:uycqcs/3145s40LPAtb9S45q2Udjxf1HCCtjNRtmGlo=
github.com/dimonchik0036/vk-api v0.0.0-20181108155455-9295c719fadc/go.mod h1:LQtJLj4qqMwfkRz1GsUHYBh1D3OK6zX9xPmYnZh51bA=
github.com/technoweenie/multipartstreamer v1.0.1 h1:XRztA5MXiR1TIRHxH2uNxXxaIkKQDeX7m2XsSOlQEnM=
github.com/technoweenie/multipartstreamer v1.0.1/go.mod h1:jNVxdtShOxzAsukZwTSw6MDx5eUJoiEBsSvzDU9uzog=
